// !$*UTF8*$!
{
	archiveVersion = 1;
	classes = {
	};
	objectVersion = 50;
	objects = {

/* Begin PBXBuildFile section */
		BD5D9CBC22D3339600ED2BEC /* AppDelegate.swift in Sources */ = {isa = PBXBuildFile; fileRef = BD5D9CBB22D3339600ED2BEC /* AppDelegate.swift */; };
		BD5D9CBE22D3339600ED2BEC /* LoginVC.swift in Sources */ = {isa = PBXBuildFile; fileRef = BD5D9CBD22D3339600ED2BEC /* LoginVC.swift */; };
		BD5D9CC122D3339600ED2BEC /* Main.storyboard in Resources */ = {isa = PBXBuildFile; fileRef = BD5D9CBF22D3339600ED2BEC /* Main.storyboard */; };
		BD5D9CC322D3339700ED2BEC /* Assets.xcassets in Resources */ = {isa = PBXBuildFile; fileRef = BD5D9CC222D3339700ED2BEC /* Assets.xcassets */; };
		BD5D9CC622D3339700ED2BEC /* LaunchScreen.storyboard in Resources */ = {isa = PBXBuildFile; fileRef = BD5D9CC422D3339700ED2BEC /* LaunchScreen.storyboard */; };
		BD5D9CCE22D3465300ED2BEC /* MainVC.swift in Sources */ = {isa = PBXBuildFile; fileRef = BD5D9CCD22D3465300ED2BEC /* MainVC.swift */; };
		BD5D9CD022D349E000ED2BEC /* InfoVC.swift in Sources */ = {isa = PBXBuildFile; fileRef = BD5D9CCF22D349E000ED2BEC /* InfoVC.swift */; };
/* End PBXBuildFile section */

/* Begin PBXFileReference section */
		BD5D9CB822D3339600ED2BEC /* UIKitDemo.app */ = {isa = PBXFileReference; explicitFileType = wrapper.application; includeInIndex = 0; path = UIKitDemo.app; sourceTree = BUILT_PRODUCTS_DIR; };
		BD5D9CBB22D3339600ED2BEC /* AppDelegate.swift */ = {isa = PBXFileReference; lastKnownFileType = sourcecode.swift; path = AppDelegate.swift; sourceTree = "<group>"; };
		BD5D9CBD22D3339600ED2BEC /* LoginVC.swift */ = {isa = PBXFileReference; lastKnownFileType = sourcecode.swift; path = LoginVC.swift; sourceTree = "<group>"; };
		BD5D9CC022D3339600ED2BEC /* Base */ = {isa = PBXFileReference; lastKnownFileType = file.storyboard; name = Base; path = Base.lproj/Main.storyboard; sourceTree = "<group>"; };
		BD5D9CC222D3339700ED2BEC /* Assets.xcassets */ = {isa = PBXFileReference; lastKnownFileType = folder.assetcatalog; path = Assets.xcassets; sourceTree = "<group>"; };
		BD5D9CC522D3339700ED2BEC /* Base */ = {isa = PBXFileReference; lastKnownFileType = file.storyboard; name = Base; path = Base.lproj/LaunchScreen.storyboard; sourceTree = "<group>"; };
		BD5D9CC722D3339700ED2BEC /* Info.plist */ = {isa = PBXFileReference; lastKnownFileType = text.plist.xml; path = Info.plist; sourceTree = "<group>"; };
		BD5D9CCD22D3465300ED2BEC /* MainVC.swift */ = {isa = PBXFileReference; lastKnownFileType = sourcecode.swift; path = MainVC.swift; sourceTree = "<group>"; };
		BD5D9CCF22D349E000ED2BEC /* InfoVC.swift */ = {isa = PBXFileReference; lastKnownFileType = sourcecode.swift; path = InfoVC.swift; sourceTree = "<group>"; };
/* End PBXFileReference section */

/* Begin PBXFrameworksBuildPhase section */
		BD5D9CB522D3339500ED2BEC /* Frameworks */ = {
			isa = PBXFrameworksBuildPhase;
			buildActionMask = 2147483647;
			files = (
			);
			runOnlyForDeploymentPostprocessing = 0;
		};
/* End PBXFrameworksBuildPhase section */

/* Begin PBXGroup section */
		BD5D9CAF22D3339500ED2BEC = {
			isa = PBXGroup;
			children = (
				BD5D9CBA22D3339600ED2BEC /* UIKitDemo */,
				BD5D9CB922D3339600ED2BEC /* Products */,
			);
			sourceTree = "<group>";
		};
		BD5D9CB922D3339600ED2BEC /* Products */ = {
			isa = PBXGroup;
			children = (
				BD5D9CB822D3339600ED2BEC /* UIKitDemo.app */,
			);
			name = Products;
			sourceTree = "<group>";
		};
		BD5D9CBA22D3339600ED2BEC /* UIKitDemo */ = {
			isa = PBXGroup;
			children = (
				BD5D9CBB22D3339600ED2BEC /* AppDelegate.swift */,
				BD5D9CBD22D3339600ED2BEC /* LoginVC.swift */,
				BD5D9CCD22D3465300ED2BEC /* MainVC.swift */,
				BD5D9CCF22D349E000ED2BEC /* InfoVC.swift */,
				BD5D9CBF22D3339600ED2BEC /* Main.storyboard */,
				BD5D9CC222D3339700ED2BEC /* Assets.xcassets */,
				BD5D9CC422D3339700ED2BEC /* LaunchScreen.storyboard */,
				BD5D9CC722D3339700ED2BEC /* Info.plist */,
			);
			path = UIKitDemo;
			sourceTree = "<group>";
		};
/* End PBXGroup section */

/* Begin PBXNativeTarget section */
		BD5D9CB722D3339500ED2BEC /* UIKitDemo */ = {
			isa = PBXNativeTarget;
			buildConfigurationList = BD5D9CCA22D3339700ED2BEC /* Build configuration list for PBXNativeTarget "UIKitDemo" */;
			buildPhases = (
				BD5D9CB422D3339500ED2BEC /* Sources */,
				BD5D9CB522D3339500ED2BEC /* Frameworks */,
				BD5D9CB622D3339500ED2BEC /* Resources */,
			);
			buildRules = (
			);
			dependencies = (
			);
			name = UIKitDemo;
			productName = UIKitDemo;
			productReference = BD5D9CB822D3339600ED2BEC /* UIKitDemo.app */;
			productType = "com.apple.product-type.application";
		};
/* End PBXNativeTarget section */

/* Begin PBXProject section */
		BD5D9CB022D3339500ED2BEC /* Project object */ = {
			isa = PBXProject;
			attributes = {
				LastSwiftUpdateCheck = 1020;
				LastUpgradeCheck = 1020;
				ORGANIZATIONNAME = "江武峯";
				TargetAttributes = {
					BD5D9CB722D3339500ED2BEC = {
						CreatedOnToolsVersion = 10.2.1;
					};
				};
			};
			buildConfigurationList = BD5D9CB322D3339500ED2BEC /* Build configuration list for PBXProject "UIKitDemo" */;
			compatibilityVersion = "Xcode 9.3";
			developmentRegion = en;
			hasScannedForEncodings = 0;
			knownRegions = (
				en,
				Base,
			);
			mainGroup = BD5D9CAF22D3339500ED2BEC;
			productRefGroup = BD5D9CB922D3339600ED2BEC /* Products */;
			projectDirPath = "";
			projectRoot = "";
			targets = (
				BD5D9CB722D3339500ED2BEC /* UIKitDemo */,
			);
		};
/* End PBXProject section */

/* Begin PBXResourcesBuildPhase section */
		BD5D9CB622D3339500ED2BEC /* Resources */ = {
			isa = PBXResourcesBuildPhase;
			buildActionMask = 2147483647;
			files = (
				BD5D9CC622D3339700ED2BEC /* LaunchScreen.storyboard in Resources */,
				BD5D9CC322D3339700ED2BEC /* Assets.xcassets in Resources */,
				BD5D9CC122D3339600ED2BEC /* Main.storyboard in Resources */,
			);
			runOnlyForDeploymentPostprocessing = 0;
		};
/* End PBXResourcesBuildPhase section */

/* Begin PBXSourcesBuildPhase section */
		BD5D9CB422D3339500ED2BEC /* Sources */ = {
			isa = PBXSourcesBuildPhase;
			buildActionMask = 2147483647;
			files = (
				BD5D9CD022D349E000ED2BEC /* InfoVC.swift in Sources */,
				BD5D9CBE22D3339600ED2BEC /* LoginVC.swift in Sources */,
				BD5D9CCE22D3465300ED2BEC /* MainVC.swift in Sources */,
				BD5D9CBC22D3339600ED2BEC /* AppDelegate.swift in Sources */,
			);
			runOnlyForDeploymentPostprocessing = 0;
		};
/* End PBXSourcesBuildPhase section */

/* Begin PBXVariantGroup section */
		BD5D9CBF22D3339600ED2BEC /* Main.storyboard */ = {
			isa = PBXVariantGroup;
			children = (
				BD5D9CC022D3339600ED2BEC /* Base */,
			);
			name = Main.storyboard;
			sourceTree = "<group>";
		};
		BD5D9CC422D3339700ED2BEC /* LaunchScreen.storyboard */ = {
			isa = PBXVariantGroup;
			children = (
				BD5D9CC522D3339700ED2BEC /* Base */,
			);
			name = LaunchScreen.storyboard;
			sourceTree = "<group>";
		};
/* End PBXVariantGroup section */

/* Begin XCBuildConfiguration section */
		BD5D9CC822D3339700ED2BEC /* Debug */ = {
			isa = XCBuildConfiguration;
			buildSettings = {
				ALWAYS_SEARCH_USER_PATHS = NO;
				CLANG_ANALYZER_NONNULL = YES;
				CLANG_ANALYZER_NUMBER_OBJECT_CONVERSION = YES_AGGRESSIVE;
				CLANG_CXX_LANGUAGE_STANDARD = "gnu++14";
				CLANG_CXX_LIBRARY = "libc++";
				CLANG_ENABLE_MODULES = YES;
				CLANG_ENABLE_OBJC_ARC = YES;
				CLANG_ENABLE_OBJC_WEAK = YES;
				CLANG_WARN_BLOCK_CAPTURE_AUTORELEASING = YES;
				CLANG_WARN_BOOL_CONVERSION = YES;
				CLANG_WARN_COMMA = YES;
				CLANG_WARN_CONSTANT_CONVERSION = YES;
				CLANG_WARN_DEPRECATED_OBJC_IMPLEMENTATIONS = YES;
				CLANG_WARN_DIRECT_OBJC_ISA_USAGE = YES_ERROR;
				CLANG_WARN_DOCUMENTATION_COMMENTS = YES;
				CLANG_WARN_EMPTY_BODY = YES;
				CLANG_WARN_ENUM_CONVERSION = YES;
				CLANG_WARN_INFINITE_RECURSION = YES;
				CLANG_WARN_INT_CONVERSION = YES;
				CLANG_WARN_NON_LITERAL_NULL_CONVERSION = YES;
				CLANG_WARN_OBJC_IMPLICIT_RETAIN_SELF = YES;
				CLANG_WARN_OBJC_LITERAL_CONVERSION = YES;
				CLANG_WARN_OBJC_ROOT_CLASS = YES_ERROR;
				CLANG_WARN_RANGE_LOOP_ANALYSIS = YES;
				CLANG_WARN_STRICT_PROTOTYPES = YES;
				CLANG_WARN_SUSPICIOUS_MOVE = YES;
				CLANG_WARN_UNGUARDED_AVAILABILITY = YES_AGGRESSIVE;
				CLANG_WARN_UNREACHABLE_CODE = YES;
				CLANG_WARN__DUPLICATE_METHOD_MATCH = YES;
				CODE_SIGN_IDENTITY = "iPhone Developer";
				COPY_PHASE_STRIP = NO;
				DEBUG_INFORMATION_FORMAT = dwarf;
				ENABLE_STRICT_OBJC_MSGSEND = YES;
				ENABLE_TESTABILITY = YES;
				GCC_C_LANGUAGE_STANDARD = gnu11;
				GCC_DYNAMIC_NO_PIC = NO;
				GCC_NO_COMMON_BLOCKS = YES;
				GCC_OPTIMIZATION_LEVEL = 0;
				GCC_PREPROCESSOR_DEFINITIONS = (
					"DEBUG=1",
					"$(inherited)",
				);
				GCC_WARN_64_TO_32_BIT_CONVERSION = YES;
				GCC_WARN_ABOUT_RETURN_TYPE = YES_ERROR;
				GCC_WARN_UNDECLARED_SELECTOR = YES;
				GCC_WARN_UNINITIALIZED_AUTOS = YES_AGGRESSIVE;
				GCC_WARN_UNUSED_FUNCTION = YES;
				GCC_WARN_UNUSED_VARIABLE = YES;
				IPHONEOS_DEPLOYMENT_TARGET = 12.2;
				MTL_ENABLE_DEBUG_INFO = INCLUDE_SOURCE;
				MTL_FAST_MATH = YES;
				ONLY_ACTIVE_ARCH = YES;
				SDKROOT = iphoneos;
				SWIFT_ACTIVE_COMPILATION_CONDITIONS = DEBUG;
				SWIFT_OPTIMIZATION_LEVEL = "-Onone";
			};
			name = Debug;
		};
		BD5D9CC922D3339700ED2BEC /* Release */ = {
			isa = XCBuildConfiguration;
			buildSettings = {
				ALWAYS_SEARCH_USER_PATHS = NO;
				CLANG_ANALYZER_NONNULL = YES;
				CLANG_ANALYZER_NUMBER_OBJECT_CONVERSION = YES_AGGRESSIVE;
				CLANG_CXX_LANGUAGE_STANDARD = "gnu++14";
				CLANG_CXX_LIBRARY = "libc++";
				CLANG_ENABLE_MODULES = YES;
				CLANG_ENABLE_OBJC_ARC = YES;
				CLANG_ENABLE_OBJC_WEAK = YES;
				CLANG_WARN_BLOCK_CAPTURE_AUTORELEASING = YES;
				CLANG_WARN_BOOL_CONVERSION = YES;
				CLANG_WARN_COMMA = YES;
				CLANG_WARN_CONSTANT_CONVERSION = YES;
				CLANG_WARN_DEPRECATED_OBJC_IMPLEMENTATIONS = YES;
				CLANG_WARN_DIRECT_OBJC_ISA_USAGE = YES_ERROR;
				CLANG_WARN_DOCUMENTATION_COMMENTS = YES;
				CLANG_WARN_EMPTY_BODY = YES;
				CLANG_WARN_ENUM_CONVERSION = YES;
				CLANG_WARN_INFINITE_RECURSION = YES;
				CLANG_WARN_INT_CONVERSION = YES;
				CLANG_WARN_NON_LITERAL_NULL_CONVERSION = YES;
				CLANG_WARN_OBJC_IMPLICIT_RETAIN_SELF = YES;
				CLANG_WARN_OBJC_LITERAL_CONVERSION = YES;
				CLANG_WARN_OBJC_ROOT_CLASS = YES_ERROR;
				CLANG_WARN_RANGE_LOOP_ANALYSIS = YES;
				CLANG_WARN_STRICT_PROTOTYPES = YES;
				CLANG_WARN_SUSPICIOUS_MOVE = YES;
				CLANG_WARN_UNGUARDED_AVAILABILITY = YES_AGGRESSIVE;
				CLANG_WARN_UNREACHABLE_CODE = YES;
				CLANG_WARN__DUPLICATE_METHOD_MATCH = YES;
				CODE_SIGN_IDENTITY = "iPhone Developer";
				COPY_PHASE_STRIP = NO;
				DEBUG_INFORMATION_FORMAT = "dwarf-with-dsym";
				ENABLE_NS_ASSERTIONS = NO;
				ENABLE_STRICT_OBJC_MSGSEND = YES;
				GCC_C_LANGUAGE_STANDARD = gnu11;
				GCC_NO_COMMON_BLOCKS = YES;
				GCC_WARN_64_TO_32_BIT_CONVERSION = YES;
				GCC_WARN_ABOUT_RETURN_TYPE = YES_ERROR;
				GCC_WARN_UNDECLARED_SELECTOR = YES;
				GCC_WARN_UNINITIALIZED_AUTOS = YES_AGGRESSIVE;
				GCC_WARN_UNUSED_FUNCTION = YES;
				GCC_WARN_UNUSED_VARIABLE = YES;
				IPHONEOS_DEPLOYMENT_TARGET = 12.2;
				MTL_ENABLE_DEBUG_INFO = NO;
				MTL_FAST_MATH = YES;
				SDKROOT = iphoneos;
				SWIFT_COMPILATION_MODE = wholemodule;
				SWIFT_OPTIMIZATION_LEVEL = "-O";
				VALIDATE_PRODUCT = YES;
			};
			name = Release;
		};
		BD5D9CCB22D3339700ED2BEC /* Debug */ = {
			isa = XCBuildConfiguration;
			buildSettings = {
				ASSETCATALOG_COMPILER_APPICON_NAME = AppIcon;
				CODE_SIGN_STYLE = Automatic;
				DEVELOPMENT_TEAM = 9CYTJE6YUC;
				INFOPLIST_FILE = UIKitDemo/Info.plist;
				LD_RUNPATH_SEARCH_PATHS = (
					"$(inherited)",
					"@executable_path/Frameworks",
				);
				PRODUCT_BUNDLE_IDENTIFIER = net.wuufone.ios.UIKitDemo;
				PRODUCT_NAME = "$(TARGET_NAME)";
				SWIFT_VERSION = 5.0;
				TARGETED_DEVICE_FAMILY = "1,2";
			};
			name = Debug;
		};
		BD5D9CCC22D3339700ED2BEC /* Release */ = {
			isa = XCBuildConfiguration;
			buildSettings = {
				ASSETCATALOG_COMPILER_APPICON_NAME = AppIcon;
				CODE_SIGN_STYLE = Automatic;
				DEVELOPMENT_TEAM = 9CYTJE6YUC;
				INFOPLIST_FILE = UIKitDemo/Info.plist;
				LD_RUNPATH_SEARCH_PATHS = (
					"$(inherited)",
					"@executable_path/Frameworks",
				);
				PRODUCT_BUNDLE_IDENTIFIER = net.wuufone.ios.UIKitDemo;
				PRODUCT_NAME = "$(TARGET_NAME)";
				SWIFT_VERSION = 5.0;
				TARGETED_DEVICE_FAMILY = "1,2";
			};
			name = Release;
		};
/* End XCBuildConfiguration section */

/* Begin XCConfigurationList section */
		BD5D9CB322D3339500ED2BEC /* Build configuration list for PBXProject "UIKitDemo" */ = {
			isa = XCConfigurationList;
			buildConfigurations = (
				BD5D9CC822D3339700ED2BEC /* Debug */,
				BD5D9CC922D3339700ED2BEC /* Release */,
			);
			defaultConfigurationIsVisible = 0;
			defaultConfigurationName = Release;
		};
		BD5D9CCA22D3339700ED2BEC /* Build configuration list for PBXNativeTarget "UIKitDemo" */ = {
			isa = XCConfigurationList;
			buildConfigurations = (
				BD5D9CCB22D3339700ED2BEC /* Debug */,
				BD5D9CCC22D3339700ED2BEC /* Release */,
			);
			defaultConfigurationIsVisible = 0;
			defaultConfigurationName = Release;
		};
/* End XCConfigurationList section */
	};
	rootObject = BD5D9CB022D3339500ED2BEC /* Project object */;
}
